
Microsoft Visual Studio Solution File, Format Version 12.00
# Visual Studio Version 16
VisualStudioVersion = 16.0.32802.440
MinimumVisualStudioVersion = 10.0.40219.1
Project("{FAE04EC0-301F-11D3-BF4B-00C04F79EFBC}") = "Lukasz_Koscielniak_Kol3", "Lukasz_Koscielniak_Kol3.csproj", "{6C86EC54-DA36-4E51-9AB3-B6AA466ACA25}"
EndProject
Global
	GlobalSection(SolutionConfigurationPlatforms) = preSolution
		Debug|Any CPU = Debug|Any CPU
		Release|Any CPU = Release|Any CPU
	EndGlobalSection
	GlobalSection(ProjectConfigurationPlatforms) = postSolution
		{6C86EC54-DA36-4E51-9AB3-B6AA466ACA25}.Debug|Any CPU.ActiveCfg = Debug|Any CPU
		{6C86EC54-DA36-4E51-9AB3-B6AA466ACA25}.Debug|Any CPU.Build.0 = Debug|Any CPU
		{6C86EC54-DA36-4E51-9AB3-B6AA466ACA25}.Release|Any CPU.ActiveCfg = Release|Any CPU
		{6C86EC54-DA36-4E51-9AB3-B6AA466ACA25}.Release|Any CPU.Build.0 = Release|Any CPU
	EndGlobalSection
	GlobalSection(SolutionProperties) = preSolution
		HideSolutionNode = FALSE
	EndGlobalSection
	GlobalSection(ExtensibilityGlobals) = postSolution
		SolutionGuid = {8A4C6102-B678-4691-A9F2-EF4CD845D2AF}
	EndGlobalSection
EndGlobal
